
Microsoft Visual Studio Solution File, Format Version 12.00
# Visual Studio Version 17
VisualStudioVersion = 17.4.33213.308
MinimumVisualStudioVersion = 10.0.40219.1
Project("{9A19103F-16F7-4668-BE54-9A1E7A4F7556}") = "AtlasShopping", "AtlasShopping.csproj", "{B5D6CA53-B916-4681-BFDA-15A6630AFB87}"
EndProject
Project("{9A19103F-16F7-4668-BE54-9A1E7A4F7556}") = "AtlasShoppingConsole", "..\AtlasShoppingConsole\AtlasShoppingConsole.csproj", "{C5723181-696A-4C37-B265-495381AB12C3}"
EndProject
Project("{9A19103F-16F7-4668-BE54-9A1E7A4F7556}") = "Chevalier.Utility", "..\..\D05-Web2209A-Alfredo\CourseNotesAssignments\Utility\Chevalier.Utility\Chevalier.Utility.csproj", "{4D5C5052-F5AD-4B10-A101-E155BD23B248}"
EndProject
Global
	GlobalSection(SolutionConfigurationPlatforms) = preSolution
		Debug|Any CPU = Debug|Any CPU
		Release|Any CPU = Release|Any CPU
	EndGlobalSection
	GlobalSection(ProjectConfigurationPlatforms) = postSolution
		{B5D6CA53-B916-4681-BFDA-15A6630AFB87}.Debug|Any CPU.ActiveCfg = Debug|Any CPU
		{B5D6CA53-B916-4681-BFDA-15A6630AFB87}.Debug|Any CPU.Build.0 = Debug|Any CPU
		{B5D6CA53-B916-4681-BFDA-15A6630AFB87}.Release|Any CPU.ActiveCfg = Release|Any CPU
		{B5D6CA53-B916-4681-BFDA-15A6630AFB87}.Release|Any CPU.Build.0 = Release|Any CPU
		{C5723181-696A-4C37-B265-495381AB12C3}.Debug|Any CPU.ActiveCfg = Debug|Any CPU
		{C5723181-696A-4C37-B265-495381AB12C3}.Debug|Any CPU.Build.0 = Debug|Any CPU
		{C5723181-696A-4C37-B265-495381AB12C3}.Release|Any CPU.ActiveCfg = Release|Any CPU
		{C5723181-696A-4C37-B265-495381AB12C3}.Release|Any CPU.Build.0 = Release|Any CPU
		{4D5C5052-F5AD-4B10-A101-E155BD23B248}.Debug|Any CPU.ActiveCfg = Debug|Any CPU
		{4D5C5052-F5AD-4B10-A101-E155BD23B248}.Debug|Any CPU.Build.0 = Debug|Any CPU
		{4D5C5052-F5AD-4B10-A101-E155BD23B248}.Release|Any CPU.ActiveCfg = Release|Any CPU
		{4D5C5052-F5AD-4B10-A101-E155BD23B248}.Release|Any CPU.Build.0 = Release|Any CPU
	EndGlobalSection
	GlobalSection(SolutionProperties) = preSolution
		HideSolutionNode = FALSE
	EndGlobalSection
	GlobalSection(ExtensibilityGlobals) = postSolution
		SolutionGuid = {3C3F32C1-2660-4867-8881-B2F0C6697FBE}
	EndGlobalSection
EndGlobal
